// !$*UTF8*$!
{
	archiveVersion = 1;
	classes = {
	};
	objectVersion = 55;
	objects = {

/* Begin PBXBuildFile section */
		86986ADC3215A6B6A7D465AC /* TuistCuckooKit.swift in Sources */ = {isa = PBXBuildFile; fileRef = 0DD57543663A7A2599E1A756 /* TuistCuckooKit.swift */; };
		CEAF3720B2D2FBA3A920E2AB /* TuistCuckooUI.swift in Sources */ = {isa = PBXBuildFile; fileRef = B0A5D9DA3FE11CD11B54DEE5 /* TuistCuckooUI.swift */; };
/* End PBXBuildFile section */

/* Begin PBXCopyFilesBuildPhase section */
		59DA9BD5C027E6948FA0E4FE /* Embed Frameworks */ = {
			isa = PBXCopyFilesBuildPhase;
			buildActionMask = 2147483647;
			dstPath = "";
			dstSubfolderSpec = 10;
			files = (
			);
			name = "Embed Frameworks";
			runOnlyForDeploymentPostprocessing = 0;
		};
		DCC3D88517BF5FB488B9CCA0 /* Embed Frameworks */ = {
			isa = PBXCopyFilesBuildPhase;
			buildActionMask = 2147483647;
			dstPath = "";
			dstSubfolderSpec = 10;
			files = (
			);
			name = "Embed Frameworks";
			runOnlyForDeploymentPostprocessing = 0;
		};
/* End PBXCopyFilesBuildPhase section */

/* Begin PBXFileReference section */
		0DD57543663A7A2599E1A756 /* TuistCuckooKit.swift */ = {isa = PBXFileReference; lastKnownFileType = sourcecode.swift; path = TuistCuckooKit.swift; sourceTree = "<group>"; };
		2FB143208FEE4C2BF8604897 /* TuistCuckooUI.framework */ = {isa = PBXFileReference; explicitFileType = wrapper.framework; includeInIndex = 0; path = TuistCuckooUI.framework; sourceTree = BUILT_PRODUCTS_DIR; };
		7BF534D85DC5C98943DBBD15 /* TuistCuckooKit-Info.plist */ = {isa = PBXFileReference; lastKnownFileType = text.plist; path = "TuistCuckooKit-Info.plist"; sourceTree = "<group>"; };
		87B5C740A8F4C9B9F9B01E45 /* TuistCuckooKit.framework */ = {isa = PBXFileReference; explicitFileType = wrapper.framework; includeInIndex = 0; path = TuistCuckooKit.framework; sourceTree = BUILT_PRODUCTS_DIR; };
		8B893654557F1F779D697236 /* TuistCuckooUI-Info.plist */ = {isa = PBXFileReference; lastKnownFileType = text.plist; path = "TuistCuckooUI-Info.plist"; sourceTree = "<group>"; };
		B0A5D9DA3FE11CD11B54DEE5 /* TuistCuckooUI.swift */ = {isa = PBXFileReference; lastKnownFileType = sourcecode.swift; path = TuistCuckooUI.swift; sourceTree = "<group>"; };
/* End PBXFileReference section */

/* Begin PBXFrameworksBuildPhase section */
		8DDA0C41678A3BCB80E94FC1 /* Frameworks */ = {
			isa = PBXFrameworksBuildPhase;
			buildActionMask = 2147483647;
			files = (
			);
			runOnlyForDeploymentPostprocessing = 0;
		};
		FF86523E6C1202FFCA6CA666 /* Frameworks */ = {
			isa = PBXFrameworksBuildPhase;
			buildActionMask = 2147483647;
			files = (
			);
			runOnlyForDeploymentPostprocessing = 0;
		};
/* End PBXFrameworksBuildPhase section */

/* Begin PBXGroup section */
		1E46B0F45EAF1272CCB0D1BC /* Products */ = {
			isa = PBXGroup;
			children = (
				87B5C740A8F4C9B9F9B01E45 /* TuistCuckooKit.framework */,
				2FB143208FEE4C2BF8604897 /* TuistCuckooUI.framework */,
			);
			name = Products;
			sourceTree = "<group>";
		};
		1F0039C99A318F18721F5D30 /* Targets */ = {
			isa = PBXGroup;
			children = (
				CD46C21353FFF92184DD10E6 /* TuistCuckooKit */,
				BB46E560DA65D9B75F19B6AC /* TuistCuckooUI */,
			);
			path = Targets;
			sourceTree = "<group>";
		};
		20F00ABF7A609E1DD68DF94B /* Derived */ = {
			isa = PBXGroup;
			children = (
				4B7EE65BE3D0CDAD0F3A8379 /* InfoPlists */,
			);
			path = Derived;
			sourceTree = "<group>";
		};
		4B7EE65BE3D0CDAD0F3A8379 /* InfoPlists */ = {
			isa = PBXGroup;
			children = (
				7BF534D85DC5C98943DBBD15 /* TuistCuckooKit-Info.plist */,
				8B893654557F1F779D697236 /* TuistCuckooUI-Info.plist */,
			);
			path = InfoPlists;
			sourceTree = "<group>";
		};
		6406634DFE126421413067CB /* Frameworks */ = {
			isa = PBXGroup;
			children = (
			);
			name = Frameworks;
			sourceTree = "<group>";
		};
		6EBBFB7E309A182CB5161072 /* Sources */ = {
			isa = PBXGroup;
			children = (
				0DD57543663A7A2599E1A756 /* TuistCuckooKit.swift */,
			);
			path = Sources;
			sourceTree = "<group>";
		};
		740E6831D67C0E79160D0CA7 /* Sources */ = {
			isa = PBXGroup;
			children = (
				B0A5D9DA3FE11CD11B54DEE5 /* TuistCuckooUI.swift */,
			);
			path = Sources;
			sourceTree = "<group>";
		};
		81A22DB0EE0A431D5CCDC896 /* Project */ = {
			isa = PBXGroup;
			children = (
				20F00ABF7A609E1DD68DF94B /* Derived */,
				1F0039C99A318F18721F5D30 /* Targets */,
			);
			name = Project;
			sourceTree = "<group>";
		};
		BB46E560DA65D9B75F19B6AC /* TuistCuckooUI */ = {
			isa = PBXGroup;
			children = (
				740E6831D67C0E79160D0CA7 /* Sources */,
			);
			path = TuistCuckooUI;
			sourceTree = "<group>";
		};
		CD46C21353FFF92184DD10E6 /* TuistCuckooKit */ = {
			isa = PBXGroup;
			children = (
				6EBBFB7E309A182CB5161072 /* Sources */,
			);
			path = TuistCuckooKit;
			sourceTree = "<group>";
		};
		E4713C8079234F706B0D7B32 = {
			isa = PBXGroup;
			children = (
				81A22DB0EE0A431D5CCDC896 /* Project */,
				6406634DFE126421413067CB /* Frameworks */,
				1E46B0F45EAF1272CCB0D1BC /* Products */,
			);
			sourceTree = "<group>";
		};
/* End PBXGroup section */

/* Begin PBXNativeTarget section */
		CC834A2AD04B8747DCD1A248 /* TuistCuckooKit */ = {
			isa = PBXNativeTarget;
			buildConfigurationList = E5B394573AE0289C9195D051 /* Build configuration list for PBXNativeTarget "TuistCuckooKit" */;
			buildPhases = (
				291CB69E26E0AFE70C04A82B /* Sources */,
				9071EBECAAD266A705229289 /* Resources */,
				59DA9BD5C027E6948FA0E4FE /* Embed Frameworks */,
				FF86523E6C1202FFCA6CA666 /* Frameworks */,
			);
			buildRules = (
			);
			dependencies = (
			);
			name = TuistCuckooKit;
			productName = TuistCuckooKit;
			productReference = 87B5C740A8F4C9B9F9B01E45 /* TuistCuckooKit.framework */;
			productType = "com.apple.product-type.framework";
		};
		E1E93ACABC95232F3C02A52C /* TuistCuckooUI */ = {
			isa = PBXNativeTarget;
			buildConfigurationList = C96E438004ABA1F6A2F6DE85 /* Build configuration list for PBXNativeTarget "TuistCuckooUI" */;
			buildPhases = (
				A54F1F7B90A9EC771463A06B /* Sources */,
				891B14CA8DAF8A5AB9BA7985 /* Resources */,
				DCC3D88517BF5FB488B9CCA0 /* Embed Frameworks */,
				8DDA0C41678A3BCB80E94FC1 /* Frameworks */,
			);
			buildRules = (
			);
			dependencies = (
			);
			name = TuistCuckooUI;
			productName = TuistCuckooUI;
			productReference = 2FB143208FEE4C2BF8604897 /* TuistCuckooUI.framework */;
			productType = "com.apple.product-type.framework";
		};
/* End PBXNativeTarget section */

/* Begin PBXProject section */
		3F6EA6DA14F234218DB9FAA3 /* Project object */ = {
			isa = PBXProject;
			attributes = {
				BuildIndependentTargetsInParallel = YES;
				ORGANIZATIONNAME = tuist.io;
				TargetAttributes = {
				};
			};
			buildConfigurationList = B8342597AF48A4622E816F80 /* Build configuration list for PBXProject "TuistCuckoo" */;
			compatibilityVersion = "Xcode 14.0";
			developmentRegion = en;
			hasScannedForEncodings = 0;
			knownRegions = (
				Base,
				en,
			);
			mainGroup = E4713C8079234F706B0D7B32;
			productRefGroup = 1E46B0F45EAF1272CCB0D1BC /* Products */;
			projectDirPath = "";
			projectRoot = "";
			targets = (
				CC834A2AD04B8747DCD1A248 /* TuistCuckooKit */,
				E1E93ACABC95232F3C02A52C /* TuistCuckooUI */,
			);
		};
/* End PBXProject section */

/* Begin PBXResourcesBuildPhase section */
		891B14CA8DAF8A5AB9BA7985 /* Resources */ = {
			isa = PBXResourcesBuildPhase;
			buildActionMask = 2147483647;
			files = (
			);
			runOnlyForDeploymentPostprocessing = 0;
		};
		9071EBECAAD266A705229289 /* Resources */ = {
			isa = PBXResourcesBuildPhase;
			buildActionMask = 2147483647;
			files = (
			);
			runOnlyForDeploymentPostprocessing = 0;
		};
/* End PBXResourcesBuildPhase section */

/* Begin PBXSourcesBuildPhase section */
		291CB69E26E0AFE70C04A82B /* Sources */ = {
			isa = PBXSourcesBuildPhase;
			buildActionMask = 2147483647;
			files = (
				86986ADC3215A6B6A7D465AC /* TuistCuckooKit.swift in Sources */,
			);
			runOnlyForDeploymentPostprocessing = 0;
		};
		A54F1F7B90A9EC771463A06B /* Sources */ = {
			isa = PBXSourcesBuildPhase;
			buildActionMask = 2147483647;
			files = (
				CEAF3720B2D2FBA3A920E2AB /* TuistCuckooUI.swift in Sources */,
			);
			runOnlyForDeploymentPostprocessing = 0;
		};
/* End PBXSourcesBuildPhase section */

/* Begin XCBuildConfiguration section */
		0946FC05A7E89F1392625B4C /* Release */ = {
			isa = XCBuildConfiguration;
			buildSettings = {
				ALWAYS_SEARCH_USER_PATHS = NO;
				CLANG_ANALYZER_LOCALIZABILITY_NONLOCALIZED = YES;
				CLANG_ANALYZER_NONNULL = YES;
				CLANG_ANALYZER_NUMBER_OBJECT_CONVERSION = YES_AGGRESSIVE;
				CLANG_CXX_LANGUAGE_STANDARD = "gnu++14";
				CLANG_CXX_LIBRARY = "libc++";
				CLANG_ENABLE_MODULES = YES;
				CLANG_ENABLE_OBJC_ARC = YES;
				CLANG_ENABLE_OBJC_WEAK = YES;
				CLANG_WARN_BLOCK_CAPTURE_AUTORELEASING = YES;
				CLANG_WARN_BOOL_CONVERSION = YES;
				CLANG_WARN_COMMA = YES;
				CLANG_WARN_CONSTANT_CONVERSION = YES;
				CLANG_WARN_DEPRECATED_OBJC_IMPLEMENTATIONS = YES;
				CLANG_WARN_DIRECT_OBJC_ISA_USAGE = YES_ERROR;
				CLANG_WARN_DOCUMENTATION_COMMENTS = YES;
				CLANG_WARN_EMPTY_BODY = YES;
				CLANG_WARN_ENUM_CONVERSION = YES;
				CLANG_WARN_INFINITE_RECURSION = YES;
				CLANG_WARN_INT_CONVERSION = YES;
				CLANG_WARN_NON_LITERAL_NULL_CONVERSION = YES;
				CLANG_WARN_OBJC_IMPLICIT_RETAIN_SELF = YES;
				CLANG_WARN_OBJC_LITERAL_CONVERSION = YES;
				CLANG_WARN_OBJC_ROOT_CLASS = YES_ERROR;
				CLANG_WARN_QUOTED_INCLUDE_IN_FRAMEWORK_HEADER = YES;
				CLANG_WARN_RANGE_LOOP_ANALYSIS = YES;
				CLANG_WARN_STRICT_PROTOTYPES = YES;
				CLANG_WARN_SUSPICIOUS_MOVE = YES;
				CLANG_WARN_UNGUARDED_AVAILABILITY = YES_AGGRESSIVE;
				CLANG_WARN_UNREACHABLE_CODE = YES;
				CLANG_WARN__DUPLICATE_METHOD_MATCH = YES;
				COPY_PHASE_STRIP = NO;
				DEAD_CODE_STRIPPING = YES;
				DEBUG_INFORMATION_FORMAT = "dwarf-with-dsym";
				ENABLE_NS_ASSERTIONS = NO;
				ENABLE_STRICT_OBJC_MSGSEND = YES;
				GCC_C_LANGUAGE_STANDARD = gnu11;
				GCC_NO_COMMON_BLOCKS = YES;
				GCC_WARN_64_TO_32_BIT_CONVERSION = YES;
				GCC_WARN_ABOUT_RETURN_TYPE = YES_ERROR;
				GCC_WARN_UNDECLARED_SELECTOR = YES;
				GCC_WARN_UNINITIALIZED_AUTOS = YES_AGGRESSIVE;
				GCC_WARN_UNUSED_FUNCTION = YES;
				GCC_WARN_UNUSED_VARIABLE = YES;
				MTL_ENABLE_DEBUG_INFO = NO;
				PRODUCT_NAME = "$(TARGET_NAME)";
				VALIDATE_PRODUCT = YES;
			};
			name = Release;
		};
		0FBAA11A052D33A6F519D2CB /* Debug */ = {
			isa = XCBuildConfiguration;
			buildSettings = {
				ALWAYS_SEARCH_USER_PATHS = NO;
				CLANG_ANALYZER_LOCALIZABILITY_NONLOCALIZED = YES;
				CLANG_ANALYZER_NONNULL = YES;
				CLANG_ANALYZER_NUMBER_OBJECT_CONVERSION = YES_AGGRESSIVE;
				CLANG_CXX_LANGUAGE_STANDARD = "gnu++14";
				CLANG_CXX_LIBRARY = "libc++";
				CLANG_ENABLE_MODULES = YES;
				CLANG_ENABLE_OBJC_ARC = YES;
				CLANG_ENABLE_OBJC_WEAK = YES;
				CLANG_WARN_BLOCK_CAPTURE_AUTORELEASING = YES;
				CLANG_WARN_BOOL_CONVERSION = YES;
				CLANG_WARN_COMMA = YES;
				CLANG_WARN_CONSTANT_CONVERSION = YES;
				CLANG_WARN_DEPRECATED_OBJC_IMPLEMENTATIONS = YES;
				CLANG_WARN_DIRECT_OBJC_ISA_USAGE = YES_ERROR;
				CLANG_WARN_DOCUMENTATION_COMMENTS = YES;
				CLANG_WARN_EMPTY_BODY = YES;
				CLANG_WARN_ENUM_CONVERSION = YES;
				CLANG_WARN_INFINITE_RECURSION = YES;
				CLANG_WARN_INT_CONVERSION = YES;
				CLANG_WARN_NON_LITERAL_NULL_CONVERSION = YES;
				CLANG_WARN_OBJC_IMPLICIT_RETAIN_SELF = YES;
				CLANG_WARN_OBJC_LITERAL_CONVERSION = YES;
				CLANG_WARN_OBJC_ROOT_CLASS = YES_ERROR;
				CLANG_WARN_QUOTED_INCLUDE_IN_FRAMEWORK_HEADER = YES;
				CLANG_WARN_RANGE_LOOP_ANALYSIS = YES;
				CLANG_WARN_STRICT_PROTOTYPES = YES;
				CLANG_WARN_SUSPICIOUS_MOVE = YES;
				CLANG_WARN_UNGUARDED_AVAILABILITY = YES_AGGRESSIVE;
				CLANG_WARN_UNREACHABLE_CODE = YES;
				CLANG_WARN__DUPLICATE_METHOD_MATCH = YES;
				COPY_PHASE_STRIP = NO;
				DEAD_CODE_STRIPPING = YES;
				DEBUG_INFORMATION_FORMAT = dwarf;
				ENABLE_STRICT_OBJC_MSGSEND = YES;
				ENABLE_TESTABILITY = YES;
				GCC_C_LANGUAGE_STANDARD = gnu11;
				GCC_DYNAMIC_NO_PIC = NO;
				GCC_NO_COMMON_BLOCKS = YES;
				GCC_OPTIMIZATION_LEVEL = 0;
				GCC_PREPROCESSOR_DEFINITIONS = (
					"DEBUG=1",
					"$(inherited)",
				);
				GCC_WARN_64_TO_32_BIT_CONVERSION = YES;
				GCC_WARN_ABOUT_RETURN_TYPE = YES_ERROR;
				GCC_WARN_UNDECLARED_SELECTOR = YES;
				GCC_WARN_UNINITIALIZED_AUTOS = YES_AGGRESSIVE;
				GCC_WARN_UNUSED_FUNCTION = YES;
				GCC_WARN_UNUSED_VARIABLE = YES;
				MTL_ENABLE_DEBUG_INFO = YES;
				ONLY_ACTIVE_ARCH = YES;
				PRODUCT_NAME = "$(TARGET_NAME)";
			};
			name = Debug;
		};
		8DA1CE3B170E6187261692A9 /* Release */ = {
			isa = XCBuildConfiguration;
			buildSettings = {
				CODE_SIGN_IDENTITY = "";
				CURRENT_PROJECT_VERSION = 1;
				DEFINES_MODULE = YES;
				DYLIB_COMPATIBILITY_VERSION = 1;
				DYLIB_CURRENT_VERSION = 1;
				DYLIB_INSTALL_NAME_BASE = "@rpath";
				INFOPLIST_FILE = "Derived/InfoPlists/TuistCuckooUI-Info.plist";
				INSTALL_PATH = "$(LOCAL_LIBRARY_DIR)/Frameworks";
				LD_RUNPATH_SEARCH_PATHS = (
					"$(inherited)",
					"@executable_path/Frameworks",
					"@loader_path/Frameworks",
				);
				PRODUCT_BUNDLE_IDENTIFIER = io.tuist.TuistCuckooUI;
				PRODUCT_NAME = TuistCuckooUI;
				SDKROOT = iphoneos;
				SKIP_INSTALL = YES;
				SUPPORTS_MACCATALYST = NO;
				SUPPORTS_MAC_DESIGNED_FOR_IPHONE_IPAD = YES;
				SUPPORTS_XR_DESIGNED_FOR_IPHONE_IPAD = NO;
				SWIFT_COMPILATION_MODE = wholemodule;
				SWIFT_OPTIMIZATION_LEVEL = "-Owholemodule";
				SWIFT_VERSION = 5.0;
				TARGETED_DEVICE_FAMILY = "1,2";
				VERSIONING_SYSTEM = "apple-generic";
				VERSION_INFO_PREFIX = "";
			};
			name = Release;
		};
		BBA3D8B22C84FEF6BEBA03F4 /* Debug */ = {
			isa = XCBuildConfiguration;
			buildSettings = {
				CODE_SIGN_IDENTITY = "";
				CURRENT_PROJECT_VERSION = 1;
				DEFINES_MODULE = YES;
				DYLIB_COMPATIBILITY_VERSION = 1;
				DYLIB_CURRENT_VERSION = 1;
				DYLIB_INSTALL_NAME_BASE = "@rpath";
				INFOPLIST_FILE = "Derived/InfoPlists/TuistCuckooKit-Info.plist";
				INSTALL_PATH = "$(LOCAL_LIBRARY_DIR)/Frameworks";
				LD_RUNPATH_SEARCH_PATHS = (
					"$(inherited)",
					"@executable_path/Frameworks",
					"@loader_path/Frameworks",
				);
				PRODUCT_BUNDLE_IDENTIFIER = io.tuist.TuistCuckooKit;
				PRODUCT_NAME = TuistCuckooKit;
				SDKROOT = iphoneos;
				SKIP_INSTALL = YES;
				SUPPORTS_MACCATALYST = NO;
				SUPPORTS_MAC_DESIGNED_FOR_IPHONE_IPAD = YES;
				SUPPORTS_XR_DESIGNED_FOR_IPHONE_IPAD = NO;
				SWIFT_ACTIVE_COMPILATION_CONDITIONS = DEBUG;
				SWIFT_COMPILATION_MODE = singlefile;
				SWIFT_OPTIMIZATION_LEVEL = "-Onone";
				SWIFT_VERSION = 5.0;
				TARGETED_DEVICE_FAMILY = "1,2";
				VERSIONING_SYSTEM = "apple-generic";
				VERSION_INFO_PREFIX = "";
			};
			name = Debug;
		};
		DBFA2E715765CF6DBDF478C9 /* Debug */ = {
			isa = XCBuildConfiguration;
			buildSettings = {
				CODE_SIGN_IDENTITY = "";
				CURRENT_PROJECT_VERSION = 1;
				DEFINES_MODULE = YES;
				DYLIB_COMPATIBILITY_VERSION = 1;
				DYLIB_CURRENT_VERSION = 1;
				DYLIB_INSTALL_NAME_BASE = "@rpath";
				INFOPLIST_FILE = "Derived/InfoPlists/TuistCuckooUI-Info.plist";
				INSTALL_PATH = "$(LOCAL_LIBRARY_DIR)/Frameworks";
				LD_RUNPATH_SEARCH_PATHS = (
					"$(inherited)",
					"@executable_path/Frameworks",
					"@loader_path/Frameworks",
				);
				PRODUCT_BUNDLE_IDENTIFIER = io.tuist.TuistCuckooUI;
				PRODUCT_NAME = TuistCuckooUI;
				SDKROOT = iphoneos;
				SKIP_INSTALL = YES;
				SUPPORTS_MACCATALYST = NO;
				SUPPORTS_MAC_DESIGNED_FOR_IPHONE_IPAD = YES;
				SUPPORTS_XR_DESIGNED_FOR_IPHONE_IPAD = NO;
				SWIFT_ACTIVE_COMPILATION_CONDITIONS = DEBUG;
				SWIFT_COMPILATION_MODE = singlefile;
				SWIFT_OPTIMIZATION_LEVEL = "-Onone";
				SWIFT_VERSION = 5.0;
				TARGETED_DEVICE_FAMILY = "1,2";
				VERSIONING_SYSTEM = "apple-generic";
				VERSION_INFO_PREFIX = "";
			};
			name = Debug;
		};
		E9E1C6BF5C3EB5164564D480 /* Release */ = {
			isa = XCBuildConfiguration;
			buildSettings = {
				CODE_SIGN_IDENTITY = "";
				CURRENT_PROJECT_VERSION = 1;
				DEFINES_MODULE = YES;
				DYLIB_COMPATIBILITY_VERSION = 1;
				DYLIB_CURRENT_VERSION = 1;
				DYLIB_INSTALL_NAME_BASE = "@rpath";
				INFOPLIST_FILE = "Derived/InfoPlists/TuistCuckooKit-Info.plist";
				INSTALL_PATH = "$(LOCAL_LIBRARY_DIR)/Frameworks";
				LD_RUNPATH_SEARCH_PATHS = (
					"$(inherited)",
					"@executable_path/Frameworks",
					"@loader_path/Frameworks",
				);
				PRODUCT_BUNDLE_IDENTIFIER = io.tuist.TuistCuckooKit;
				PRODUCT_NAME = TuistCuckooKit;
				SDKROOT = iphoneos;
				SKIP_INSTALL = YES;
				SUPPORTS_MACCATALYST = NO;
				SUPPORTS_MAC_DESIGNED_FOR_IPHONE_IPAD = YES;
				SUPPORTS_XR_DESIGNED_FOR_IPHONE_IPAD = NO;
				SWIFT_COMPILATION_MODE = wholemodule;
				SWIFT_OPTIMIZATION_LEVEL = "-Owholemodule";
				SWIFT_VERSION = 5.0;
				TARGETED_DEVICE_FAMILY = "1,2";
				VERSIONING_SYSTEM = "apple-generic";
				VERSION_INFO_PREFIX = "";
			};
			name = Release;
		};
/* End XCBuildConfiguration section */

/* Begin XCConfigurationList section */
		B8342597AF48A4622E816F80 /* Build configuration list for PBXProject "TuistCuckoo" */ = {
			isa = XCConfigurationList;
			buildConfigurations = (
				0FBAA11A052D33A6F519D2CB /* Debug */,
				0946FC05A7E89F1392625B4C /* Release */,
			);
			defaultConfigurationIsVisible = 0;
			defaultConfigurationName = Release;
		};
		C96E438004ABA1F6A2F6DE85 /* Build configuration list for PBXNativeTarget "TuistCuckooUI" */ = {
			isa = XCConfigurationList;
			buildConfigurations = (
				DBFA2E715765CF6DBDF478C9 /* Debug */,
				8DA1CE3B170E6187261692A9 /* Release */,
			);
			defaultConfigurationIsVisible = 0;
			defaultConfigurationName = Release;
		};
		E5B394573AE0289C9195D051 /* Build configuration list for PBXNativeTarget "TuistCuckooKit" */ = {
			isa = XCConfigurationList;
			buildConfigurations = (
				BBA3D8B22C84FEF6BEBA03F4 /* Debug */,
				E9E1C6BF5C3EB5164564D480 /* Release */,
			);
			defaultConfigurationIsVisible = 0;
			defaultConfigurationName = Release;
		};
/* End XCConfigurationList section */
	};
	rootObject = 3F6EA6DA14F234218DB9FAA3 /* Project object */;
}
